
Microsoft Visual Studio Solution File, Format Version 12.00
# Visual Studio 15
VisualStudioVersion = 15.0.27428.1
MinimumVisualStudioVersion = 10.0.40219.1
Project("{2150E333-8FDC-42A3-9474-1A3956D46DE8}") = "01表现层", "01表现层", "{D4C12E8F-5E0D-455E-81E8-71546D866440}"
EndProject
Project("{2150E333-8FDC-42A3-9474-1A3956D46DE8}") = "02领域层", "02领域层", "{669C0819-F210-436E-B3AF-62160C0F13DD}"
EndProject
Project("{2150E333-8FDC-42A3-9474-1A3956D46DE8}") = "04接口层", "04接口层", "{8E4E1071-70B5-4BD3-9A1B-DADECBC0143B}"
EndProject
Project("{2150E333-8FDC-42A3-9474-1A3956D46DE8}") = "05服务层", "05服务层", "{A6800985-A291-413F-8C2F-D799B12BABDF}"
EndProject
Project("{2150E333-8FDC-42A3-9474-1A3956D46DE8}") = "06配置层", "06配置层", "{5F909911-FC24-47CC-A9F5-BEC77155F34F}"
EndProject
Project("{2150E333-8FDC-42A3-9474-1A3956D46DE8}") = "03逻辑层", "03逻辑层", "{8650BE42-E8D1-441E-BDF2-56176AE2DB9A}"
EndProject
Project("{2150E333-8FDC-42A3-9474-1A3956D46DE8}") = "08测试层", "08测试层", "{416D0D1A-4023-4566-BACC-0653F89CF540}"
EndProject
Project("{FAE04EC0-301F-11D3-BF4B-00C04F79EFBC}") = "Web", "Web\Web.csproj", "{8C038C30-B127-4BFF-A430-59687092D541}"
EndProject
Project("{FAE04EC0-301F-11D3-BF4B-00C04F79EFBC}") = "Domain", "Domain\Domain.csproj", "{1AC61CF5-5CEE-4B80-8752-AE7C3B4A572C}"
EndProject
Project("{FAE04EC0-301F-11D3-BF4B-00C04F79EFBC}") = "BLL", "BLL\BLL.csproj", "{D18CE245-86FF-461B-8CC0-D315A959941E}"
EndProject
Project("{FAE04EC0-301F-11D3-BF4B-00C04F79EFBC}") = "IDAL", "IDAL\IDAL.csproj", "{8B8F6528-3A90-49C1-988C-9CD2FD7D5B49}"
EndProject
Project("{FAE04EC0-301F-11D3-BF4B-00C04F79EFBC}") = "DAL", "DAL\DAL.csproj", "{F114AB45-3DFA-4D4C-85D2-9DB11827284E}"
EndProject
Project("{2150E333-8FDC-42A3-9474-1A3956D46DE8}") = "07基础层", "07基础层", "{C423AF12-AEB6-4159-ADD9-EF64E23A844A}"
EndProject
Project("{FAE04EC0-301F-11D3-BF4B-00C04F79EFBC}") = "Common", "Common\Common.csproj", "{9E975646-9E71-4354-8708-DB510BD11BF9}"
EndProject
Project("{FAE04EC0-301F-11D3-BF4B-00C04F79EFBC}") = "Confing", "Confing\Confing.csproj", "{9B4DE832-ADF2-41B1-B9D0-E56BD491B1C2}"
EndProject
Global
	GlobalSection(SolutionConfigurationPlatforms) = preSolution
		Debug|Any CPU = Debug|Any CPU
		Release|Any CPU = Release|Any CPU
	EndGlobalSection
	GlobalSection(ProjectConfigurationPlatforms) = postSolution
		{8C038C30-B127-4BFF-A430-59687092D541}.Debug|Any CPU.ActiveCfg = Debug|Any CPU
		{8C038C30-B127-4BFF-A430-59687092D541}.Debug|Any CPU.Build.0 = Debug|Any CPU
		{8C038C30-B127-4BFF-A430-59687092D541}.Release|Any CPU.ActiveCfg = Release|Any CPU
		{8C038C30-B127-4BFF-A430-59687092D541}.Release|Any CPU.Build.0 = Release|Any CPU
		{1AC61CF5-5CEE-4B80-8752-AE7C3B4A572C}.Debug|Any CPU.ActiveCfg = Debug|Any CPU
		{1AC61CF5-5CEE-4B80-8752-AE7C3B4A572C}.Debug|Any CPU.Build.0 = Debug|Any CPU
		{1AC61CF5-5CEE-4B80-8752-AE7C3B4A572C}.Release|Any CPU.ActiveCfg = Release|Any CPU
		{1AC61CF5-5CEE-4B80-8752-AE7C3B4A572C}.Release|Any CPU.Build.0 = Release|Any CPU
		{D18CE245-86FF-461B-8CC0-D315A959941E}.Debug|Any CPU.ActiveCfg = Debug|Any CPU
		{D18CE245-86FF-461B-8CC0-D315A959941E}.Debug|Any CPU.Build.0 = Debug|Any CPU
		{D18CE245-86FF-461B-8CC0-D315A959941E}.Release|Any CPU.ActiveCfg = Release|Any CPU
		{D18CE245-86FF-461B-8CC0-D315A959941E}.Release|Any CPU.Build.0 = Release|Any CPU
		{8B8F6528-3A90-49C1-988C-9CD2FD7D5B49}.Debug|Any CPU.ActiveCfg = Debug|Any CPU
		{8B8F6528-3A90-49C1-988C-9CD2FD7D5B49}.Debug|Any CPU.Build.0 = Debug|Any CPU
		{8B8F6528-3A90-49C1-988C-9CD2FD7D5B49}.Release|Any CPU.ActiveCfg = Release|Any CPU
		{8B8F6528-3A90-49C1-988C-9CD2FD7D5B49}.Release|Any CPU.Build.0 = Release|Any CPU
		{F114AB45-3DFA-4D4C-85D2-9DB11827284E}.Debug|Any CPU.ActiveCfg = Debug|Any CPU
		{F114AB45-3DFA-4D4C-85D2-9DB11827284E}.Debug|Any CPU.Build.0 = Debug|Any CPU
		{F114AB45-3DFA-4D4C-85D2-9DB11827284E}.Release|Any CPU.ActiveCfg = Release|Any CPU
		{F114AB45-3DFA-4D4C-85D2-9DB11827284E}.Release|Any CPU.Build.0 = Release|Any CPU
		{9E975646-9E71-4354-8708-DB510BD11BF9}.Debug|Any CPU.ActiveCfg = Debug|Any CPU
		{9E975646-9E71-4354-8708-DB510BD11BF9}.Debug|Any CPU.Build.0 = Debug|Any CPU
		{9E975646-9E71-4354-8708-DB510BD11BF9}.Release|Any CPU.ActiveCfg = Release|Any CPU
		{9E975646-9E71-4354-8708-DB510BD11BF9}.Release|Any CPU.Build.0 = Release|Any CPU
		{9B4DE832-ADF2-41B1-B9D0-E56BD491B1C2}.Debug|Any CPU.ActiveCfg = Debug|Any CPU
		{9B4DE832-ADF2-41B1-B9D0-E56BD491B1C2}.Debug|Any CPU.Build.0 = Debug|Any CPU
		{9B4DE832-ADF2-41B1-B9D0-E56BD491B1C2}.Release|Any CPU.ActiveCfg = Release|Any CPU
		{9B4DE832-ADF2-41B1-B9D0-E56BD491B1C2}.Release|Any CPU.Build.0 = Release|Any CPU
	EndGlobalSection
	GlobalSection(SolutionProperties) = preSolution
		HideSolutionNode = FALSE
	EndGlobalSection
	GlobalSection(NestedProjects) = preSolution
		{8C038C30-B127-4BFF-A430-59687092D541} = {D4C12E8F-5E0D-455E-81E8-71546D866440}
		{1AC61CF5-5CEE-4B80-8752-AE7C3B4A572C} = {669C0819-F210-436E-B3AF-62160C0F13DD}
		{D18CE245-86FF-461B-8CC0-D315A959941E} = {8650BE42-E8D1-441E-BDF2-56176AE2DB9A}
		{8B8F6528-3A90-49C1-988C-9CD2FD7D5B49} = {8E4E1071-70B5-4BD3-9A1B-DADECBC0143B}
		{F114AB45-3DFA-4D4C-85D2-9DB11827284E} = {A6800985-A291-413F-8C2F-D799B12BABDF}
		{9E975646-9E71-4354-8708-DB510BD11BF9} = {C423AF12-AEB6-4159-ADD9-EF64E23A844A}
		{9B4DE832-ADF2-41B1-B9D0-E56BD491B1C2} = {5F909911-FC24-47CC-A9F5-BEC77155F34F}
	EndGlobalSection
	GlobalSection(ExtensibilityGlobals) = postSolution
		SolutionGuid = {9A94B1D2-C9FB-4144-B80F-BED3F002B315}
	EndGlobalSection
EndGlobal
