
Microsoft Visual Studio Solution File, Format Version 12.00
# Visual Studio 15
VisualStudioVersion = 15.0.27130.2036
MinimumVisualStudioVersion = 10.0.40219.1
Project("{2150E333-8FDC-42A3-9474-1A3956D46DE8}") = "01表现层", "01表现层", "{D4C12E8F-5E0D-455E-81E8-71546D866440}"
EndProject
Project("{2150E333-8FDC-42A3-9474-1A3956D46DE8}") = "02领域建模", "02领域建模", "{669C0819-F210-436E-B3AF-62160C0F13DD}"
EndProject
Project("{2150E333-8FDC-42A3-9474-1A3956D46DE8}") = "05仓储契约", "05仓储契约", "{8E4E1071-70B5-4BD3-9A1B-DADECBC0143B}"
EndProject
Project("{2150E333-8FDC-42A3-9474-1A3956D46DE8}") = "06仓储服务", "06仓储服务", "{A6800985-A291-413F-8C2F-D799B12BABDF}"
EndProject
Project("{2150E333-8FDC-42A3-9474-1A3956D46DE8}") = "07配置中心", "07配置中心", "{5F909911-FC24-47CC-A9F5-BEC77155F34F}"
EndProject
Project("{2150E333-8FDC-42A3-9474-1A3956D46DE8}") = "04业务服务", "04业务服务", "{8650BE42-E8D1-441E-BDF2-56176AE2DB9A}"
EndProject
Project("{2150E333-8FDC-42A3-9474-1A3956D46DE8}") = "09测试", "09测试", "{416D0D1A-4023-4566-BACC-0653F89CF540}"
EndProject
Project("{9A19103F-16F7-4668-BE54-9A1E7A4F7556}") = "Tibos.Web", "Tibos.Web\Tibos.Web.csproj", "{8C038C30-B127-4BFF-A430-59687092D541}"
EndProject
Project("{9A19103F-16F7-4668-BE54-9A1E7A4F7556}") = "Tibos.Domain", "Tibos.Domain\Tibos.Domain.csproj", "{1AC61CF5-5CEE-4B80-8752-AE7C3B4A572C}"
EndProject
Project("{9A19103F-16F7-4668-BE54-9A1E7A4F7556}") = "Tibos.Service", "Tibos.Service\Tibos.Service.csproj", "{D18CE245-86FF-461B-8CC0-D315A959941E}"
EndProject
Project("{9A19103F-16F7-4668-BE54-9A1E7A4F7556}") = "Tibos.Repository.Contract", "Tibos.Repository.Contract\Tibos.Repository.Contract.csproj", "{8B8F6528-3A90-49C1-988C-9CD2FD7D5B49}"
EndProject
Project("{9A19103F-16F7-4668-BE54-9A1E7A4F7556}") = "Tibos.Repository.Service", "Tibos.Repository.Service\Tibos.Repository.Service.csproj", "{F114AB45-3DFA-4D4C-85D2-9DB11827284E}"
EndProject
Project("{2150E333-8FDC-42A3-9474-1A3956D46DE8}") = "08基础设施", "08基础设施", "{C423AF12-AEB6-4159-ADD9-EF64E23A844A}"
EndProject
Project("{9A19103F-16F7-4668-BE54-9A1E7A4F7556}") = "Tibos.Common", "Tibos.Common\Tibos.Common.csproj", "{9E975646-9E71-4354-8708-DB510BD11BF9}"
EndProject
Project("{9A19103F-16F7-4668-BE54-9A1E7A4F7556}") = "Tibos.Confing", "Tibos.Confing\Tibos.Confing.csproj", "{9B4DE832-ADF2-41B1-B9D0-E56BD491B1C2}"
EndProject
Project("{2150E333-8FDC-42A3-9474-1A3956D46DE8}") = "03业务契约", "03业务契约", "{513A3A81-2E93-4DB4-B5B3-534270A50C6B}"
EndProject
Project("{9A19103F-16F7-4668-BE54-9A1E7A4F7556}") = "Tibos.Service.Contract", "Tibos.Service.Contract\Tibos.Service.Contract.csproj", "{867A096D-0E0F-4EC9-A5A7-A3DC50884726}"
EndProject
Project("{9A19103F-16F7-4668-BE54-9A1E7A4F7556}") = "Tibos.Api", "Tibos.Api\Tibos.Api.csproj", "{92BA69B1-0C4B-47A3-92CA-0C265AB19520}"
EndProject
Project("{9A19103F-16F7-4668-BE54-9A1E7A4F7556}") = "Tibos.Test", "Tibos.Test\Tibos.Test.csproj", "{CAF253DD-7314-4439-BFC2-BA271B96F3E2}"
EndProject
Project("{9A19103F-16F7-4668-BE54-9A1E7A4F7556}") = "Tibos.ConfingModel", "Tibos.ConfingModel\Tibos.ConfingModel.csproj", "{29E708AB-A68B-419E-8640-026367C0BA7C}"
EndProject
Project("{9A19103F-16F7-4668-BE54-9A1E7A4F7556}") = "WebTest", "WebTest\WebTest.csproj", "{DBA6F375-C540-4589-A899-D0A361831819}"
EndProject
Project("{2150E333-8FDC-42A3-9474-1A3956D46DE8}") = "10学习内容", "10学习内容", "{55F4C3ED-2928-4CE0-B67A-6F757E2137DD}"
EndProject
Project("{2150E333-8FDC-42A3-9474-1A3956D46DE8}") = "MassTransit", "MassTransit", "{68970F1F-48B9-4EC7-A5B2-0D4D0EF33D04}"
EndProject
Project("{9A19103F-16F7-4668-BE54-9A1E7A4F7556}") = "Sender", "Sender\Sender.csproj", "{D3D1E9BA-DB9F-4ADE-A7FE-6502DB7D8AF8}"
EndProject
Project("{9A19103F-16F7-4668-BE54-9A1E7A4F7556}") = "Receiver", "Receiver\Receiver.csproj", "{3D1CB1CF-7996-444B-A458-44802F0CE213}"
EndProject
Project("{9A19103F-16F7-4668-BE54-9A1E7A4F7556}") = "Common", "Common\Common.csproj", "{B8FD6BFF-7D4D-49A4-A6BC-61EC3BECC102}"
EndProject
Project("{2150E333-8FDC-42A3-9474-1A3956D46DE8}") = "CAP", "CAP", "{A4E078BF-AE4D-48CA-BAD7-D63A45060A81}"
EndProject
Project("{2150E333-8FDC-42A3-9474-1A3956D46DE8}") = "Dapper", "Dapper", "{FF67F672-CE96-4176-9E48-4A06F500B62A}"
EndProject
Project("{9A19103F-16F7-4668-BE54-9A1E7A4F7556}") = "Dapper.Test", "Dapper.Test\Dapper.Test.csproj", "{465FF70F-8CE1-4ACF-BAF1-77E48942BB87}"
EndProject
Project("{9A19103F-16F7-4668-BE54-9A1E7A4F7556}") = "WebApplication1", "WebApplication1\WebApplication1.csproj", "{0690E3F7-09BF-4B80-B498-B3713B2B5DC6}"
EndProject
Project("{9A19103F-16F7-4668-BE54-9A1E7A4F7556}") = "Tibos.CAP", "Tibos.CAP\Tibos.CAP.csproj", "{619DEC0A-994F-4EE2-83EB-4B3C96A1156C}"
EndProject
Project("{2150E333-8FDC-42A3-9474-1A3956D46DE8}") = "Game", "Game", "{0ADEAD50-7B14-4673-9231-8370C529F1AF}"
EndProject
Project("{9A19103F-16F7-4668-BE54-9A1E7A4F7556}") = "Landlord", "Landlord\Landlord.csproj", "{585AB04E-A079-463E-BFEA-463BBFDBDD15}"
EndProject
Project("{9A19103F-16F7-4668-BE54-9A1E7A4F7556}") = "Tibos.CAP.Received", "Tibos.CAP.Received\Tibos.CAP.Received.csproj", "{11F49264-E9C7-41D6-8D4A-A7E52F1F22FD}"
EndProject
Project("{9A19103F-16F7-4668-BE54-9A1E7A4F7556}") = "API", "API\API.csproj", "{FD760FAE-0806-4CA5-BDE4-25333E84B8F9}"
EndProject
Project("{FAE04EC0-301F-11D3-BF4B-00C04F79EFBC}") = "Tibos.Test1", "Tibos.Test1\Tibos.Test1.csproj", "{0AC5764E-331D-44EC-A715-B3C75D10C09A}"
EndProject
Global
	GlobalSection(SolutionConfigurationPlatforms) = preSolution
		Debug|Any CPU = Debug|Any CPU
		Release|Any CPU = Release|Any CPU
	EndGlobalSection
	GlobalSection(ProjectConfigurationPlatforms) = postSolution
		{8C038C30-B127-4BFF-A430-59687092D541}.Debug|Any CPU.ActiveCfg = Debug|Any CPU
		{8C038C30-B127-4BFF-A430-59687092D541}.Debug|Any CPU.Build.0 = Debug|Any CPU
		{8C038C30-B127-4BFF-A430-59687092D541}.Release|Any CPU.ActiveCfg = Release|Any CPU
		{8C038C30-B127-4BFF-A430-59687092D541}.Release|Any CPU.Build.0 = Release|Any CPU
		{1AC61CF5-5CEE-4B80-8752-AE7C3B4A572C}.Debug|Any CPU.ActiveCfg = Debug|Any CPU
		{1AC61CF5-5CEE-4B80-8752-AE7C3B4A572C}.Debug|Any CPU.Build.0 = Debug|Any CPU
		{1AC61CF5-5CEE-4B80-8752-AE7C3B4A572C}.Release|Any CPU.ActiveCfg = Release|Any CPU
		{1AC61CF5-5CEE-4B80-8752-AE7C3B4A572C}.Release|Any CPU.Build.0 = Release|Any CPU
		{D18CE245-86FF-461B-8CC0-D315A959941E}.Debug|Any CPU.ActiveCfg = Debug|Any CPU
		{D18CE245-86FF-461B-8CC0-D315A959941E}.Debug|Any CPU.Build.0 = Debug|Any CPU
		{D18CE245-86FF-461B-8CC0-D315A959941E}.Release|Any CPU.ActiveCfg = Release|Any CPU
		{D18CE245-86FF-461B-8CC0-D315A959941E}.Release|Any CPU.Build.0 = Release|Any CPU
		{8B8F6528-3A90-49C1-988C-9CD2FD7D5B49}.Debug|Any CPU.ActiveCfg = Debug|Any CPU
		{8B8F6528-3A90-49C1-988C-9CD2FD7D5B49}.Debug|Any CPU.Build.0 = Debug|Any CPU
		{8B8F6528-3A90-49C1-988C-9CD2FD7D5B49}.Release|Any CPU.ActiveCfg = Release|Any CPU
		{8B8F6528-3A90-49C1-988C-9CD2FD7D5B49}.Release|Any CPU.Build.0 = Release|Any CPU
		{F114AB45-3DFA-4D4C-85D2-9DB11827284E}.Debug|Any CPU.ActiveCfg = Debug|Any CPU
		{F114AB45-3DFA-4D4C-85D2-9DB11827284E}.Debug|Any CPU.Build.0 = Debug|Any CPU
		{F114AB45-3DFA-4D4C-85D2-9DB11827284E}.Release|Any CPU.ActiveCfg = Release|Any CPU
		{F114AB45-3DFA-4D4C-85D2-9DB11827284E}.Release|Any CPU.Build.0 = Release|Any CPU
		{9E975646-9E71-4354-8708-DB510BD11BF9}.Debug|Any CPU.ActiveCfg = Debug|Any CPU
		{9E975646-9E71-4354-8708-DB510BD11BF9}.Debug|Any CPU.Build.0 = Debug|Any CPU
		{9E975646-9E71-4354-8708-DB510BD11BF9}.Release|Any CPU.ActiveCfg = Release|Any CPU
		{9E975646-9E71-4354-8708-DB510BD11BF9}.Release|Any CPU.Build.0 = Release|Any CPU
		{9B4DE832-ADF2-41B1-B9D0-E56BD491B1C2}.Debug|Any CPU.ActiveCfg = Debug|Any CPU
		{9B4DE832-ADF2-41B1-B9D0-E56BD491B1C2}.Debug|Any CPU.Build.0 = Debug|Any CPU
		{9B4DE832-ADF2-41B1-B9D0-E56BD491B1C2}.Release|Any CPU.ActiveCfg = Release|Any CPU
		{9B4DE832-ADF2-41B1-B9D0-E56BD491B1C2}.Release|Any CPU.Build.0 = Release|Any CPU
		{867A096D-0E0F-4EC9-A5A7-A3DC50884726}.Debug|Any CPU.ActiveCfg = Debug|Any CPU
		{867A096D-0E0F-4EC9-A5A7-A3DC50884726}.Debug|Any CPU.Build.0 = Debug|Any CPU
		{867A096D-0E0F-4EC9-A5A7-A3DC50884726}.Release|Any CPU.ActiveCfg = Release|Any CPU
		{867A096D-0E0F-4EC9-A5A7-A3DC50884726}.Release|Any CPU.Build.0 = Release|Any CPU
		{92BA69B1-0C4B-47A3-92CA-0C265AB19520}.Debug|Any CPU.ActiveCfg = Debug|Any CPU
		{92BA69B1-0C4B-47A3-92CA-0C265AB19520}.Debug|Any CPU.Build.0 = Debug|Any CPU
		{92BA69B1-0C4B-47A3-92CA-0C265AB19520}.Release|Any CPU.ActiveCfg = Release|Any CPU
		{92BA69B1-0C4B-47A3-92CA-0C265AB19520}.Release|Any CPU.Build.0 = Release|Any CPU
		{CAF253DD-7314-4439-BFC2-BA271B96F3E2}.Debug|Any CPU.ActiveCfg = Debug|Any CPU
		{CAF253DD-7314-4439-BFC2-BA271B96F3E2}.Debug|Any CPU.Build.0 = Debug|Any CPU
		{CAF253DD-7314-4439-BFC2-BA271B96F3E2}.Release|Any CPU.ActiveCfg = Release|Any CPU
		{CAF253DD-7314-4439-BFC2-BA271B96F3E2}.Release|Any CPU.Build.0 = Release|Any CPU
		{29E708AB-A68B-419E-8640-026367C0BA7C}.Debug|Any CPU.ActiveCfg = Debug|Any CPU
		{29E708AB-A68B-419E-8640-026367C0BA7C}.Debug|Any CPU.Build.0 = Debug|Any CPU
		{29E708AB-A68B-419E-8640-026367C0BA7C}.Release|Any CPU.ActiveCfg = Release|Any CPU
		{29E708AB-A68B-419E-8640-026367C0BA7C}.Release|Any CPU.Build.0 = Release|Any CPU
		{DBA6F375-C540-4589-A899-D0A361831819}.Debug|Any CPU.ActiveCfg = Debug|Any CPU
		{DBA6F375-C540-4589-A899-D0A361831819}.Debug|Any CPU.Build.0 = Debug|Any CPU
		{DBA6F375-C540-4589-A899-D0A361831819}.Release|Any CPU.ActiveCfg = Release|Any CPU
		{DBA6F375-C540-4589-A899-D0A361831819}.Release|Any CPU.Build.0 = Release|Any CPU
		{D3D1E9BA-DB9F-4ADE-A7FE-6502DB7D8AF8}.Debug|Any CPU.ActiveCfg = Debug|Any CPU
		{D3D1E9BA-DB9F-4ADE-A7FE-6502DB7D8AF8}.Debug|Any CPU.Build.0 = Debug|Any CPU
		{D3D1E9BA-DB9F-4ADE-A7FE-6502DB7D8AF8}.Release|Any CPU.ActiveCfg = Release|Any CPU
		{D3D1E9BA-DB9F-4ADE-A7FE-6502DB7D8AF8}.Release|Any CPU.Build.0 = Release|Any CPU
		{3D1CB1CF-7996-444B-A458-44802F0CE213}.Debug|Any CPU.ActiveCfg = Debug|Any CPU
		{3D1CB1CF-7996-444B-A458-44802F0CE213}.Debug|Any CPU.Build.0 = Debug|Any CPU
		{3D1CB1CF-7996-444B-A458-44802F0CE213}.Release|Any CPU.ActiveCfg = Release|Any CPU
		{3D1CB1CF-7996-444B-A458-44802F0CE213}.Release|Any CPU.Build.0 = Release|Any CPU
		{B8FD6BFF-7D4D-49A4-A6BC-61EC3BECC102}.Debug|Any CPU.ActiveCfg = Debug|Any CPU
		{B8FD6BFF-7D4D-49A4-A6BC-61EC3BECC102}.Debug|Any CPU.Build.0 = Debug|Any CPU
		{B8FD6BFF-7D4D-49A4-A6BC-61EC3BECC102}.Release|Any CPU.ActiveCfg = Release|Any CPU
		{B8FD6BFF-7D4D-49A4-A6BC-61EC3BECC102}.Release|Any CPU.Build.0 = Release|Any CPU
		{465FF70F-8CE1-4ACF-BAF1-77E48942BB87}.Debug|Any CPU.ActiveCfg = Debug|Any CPU
		{465FF70F-8CE1-4ACF-BAF1-77E48942BB87}.Debug|Any CPU.Build.0 = Debug|Any CPU
		{465FF70F-8CE1-4ACF-BAF1-77E48942BB87}.Release|Any CPU.ActiveCfg = Release|Any CPU
		{465FF70F-8CE1-4ACF-BAF1-77E48942BB87}.Release|Any CPU.Build.0 = Release|Any CPU
		{0690E3F7-09BF-4B80-B498-B3713B2B5DC6}.Debug|Any CPU.ActiveCfg = Debug|Any CPU
		{0690E3F7-09BF-4B80-B498-B3713B2B5DC6}.Debug|Any CPU.Build.0 = Debug|Any CPU
		{0690E3F7-09BF-4B80-B498-B3713B2B5DC6}.Release|Any CPU.ActiveCfg = Release|Any CPU
		{0690E3F7-09BF-4B80-B498-B3713B2B5DC6}.Release|Any CPU.Build.0 = Release|Any CPU
		{619DEC0A-994F-4EE2-83EB-4B3C96A1156C}.Debug|Any CPU.ActiveCfg = Debug|Any CPU
		{619DEC0A-994F-4EE2-83EB-4B3C96A1156C}.Debug|Any CPU.Build.0 = Debug|Any CPU
		{619DEC0A-994F-4EE2-83EB-4B3C96A1156C}.Release|Any CPU.ActiveCfg = Release|Any CPU
		{619DEC0A-994F-4EE2-83EB-4B3C96A1156C}.Release|Any CPU.Build.0 = Release|Any CPU
		{585AB04E-A079-463E-BFEA-463BBFDBDD15}.Debug|Any CPU.ActiveCfg = Debug|Any CPU
		{585AB04E-A079-463E-BFEA-463BBFDBDD15}.Debug|Any CPU.Build.0 = Debug|Any CPU
		{585AB04E-A079-463E-BFEA-463BBFDBDD15}.Release|Any CPU.ActiveCfg = Release|Any CPU
		{585AB04E-A079-463E-BFEA-463BBFDBDD15}.Release|Any CPU.Build.0 = Release|Any CPU
		{11F49264-E9C7-41D6-8D4A-A7E52F1F22FD}.Debug|Any CPU.ActiveCfg = Debug|Any CPU
		{11F49264-E9C7-41D6-8D4A-A7E52F1F22FD}.Debug|Any CPU.Build.0 = Debug|Any CPU
		{11F49264-E9C7-41D6-8D4A-A7E52F1F22FD}.Release|Any CPU.ActiveCfg = Release|Any CPU
		{11F49264-E9C7-41D6-8D4A-A7E52F1F22FD}.Release|Any CPU.Build.0 = Release|Any CPU
		{FD760FAE-0806-4CA5-BDE4-25333E84B8F9}.Debug|Any CPU.ActiveCfg = Debug|Any CPU
		{FD760FAE-0806-4CA5-BDE4-25333E84B8F9}.Debug|Any CPU.Build.0 = Debug|Any CPU
		{FD760FAE-0806-4CA5-BDE4-25333E84B8F9}.Release|Any CPU.ActiveCfg = Release|Any CPU
		{FD760FAE-0806-4CA5-BDE4-25333E84B8F9}.Release|Any CPU.Build.0 = Release|Any CPU
		{0AC5764E-331D-44EC-A715-B3C75D10C09A}.Debug|Any CPU.ActiveCfg = Debug|Any CPU
		{0AC5764E-331D-44EC-A715-B3C75D10C09A}.Debug|Any CPU.Build.0 = Debug|Any CPU
		{0AC5764E-331D-44EC-A715-B3C75D10C09A}.Release|Any CPU.ActiveCfg = Release|Any CPU
		{0AC5764E-331D-44EC-A715-B3C75D10C09A}.Release|Any CPU.Build.0 = Release|Any CPU
	EndGlobalSection
	GlobalSection(SolutionProperties) = preSolution
		HideSolutionNode = FALSE
	EndGlobalSection
	GlobalSection(NestedProjects) = preSolution
		{8C038C30-B127-4BFF-A430-59687092D541} = {D4C12E8F-5E0D-455E-81E8-71546D866440}
		{1AC61CF5-5CEE-4B80-8752-AE7C3B4A572C} = {669C0819-F210-436E-B3AF-62160C0F13DD}
		{D18CE245-86FF-461B-8CC0-D315A959941E} = {8650BE42-E8D1-441E-BDF2-56176AE2DB9A}
		{8B8F6528-3A90-49C1-988C-9CD2FD7D5B49} = {8E4E1071-70B5-4BD3-9A1B-DADECBC0143B}
		{F114AB45-3DFA-4D4C-85D2-9DB11827284E} = {A6800985-A291-413F-8C2F-D799B12BABDF}
		{9E975646-9E71-4354-8708-DB510BD11BF9} = {C423AF12-AEB6-4159-ADD9-EF64E23A844A}
		{9B4DE832-ADF2-41B1-B9D0-E56BD491B1C2} = {5F909911-FC24-47CC-A9F5-BEC77155F34F}
		{867A096D-0E0F-4EC9-A5A7-A3DC50884726} = {513A3A81-2E93-4DB4-B5B3-534270A50C6B}
		{92BA69B1-0C4B-47A3-92CA-0C265AB19520} = {D4C12E8F-5E0D-455E-81E8-71546D866440}
		{CAF253DD-7314-4439-BFC2-BA271B96F3E2} = {416D0D1A-4023-4566-BACC-0653F89CF540}
		{29E708AB-A68B-419E-8640-026367C0BA7C} = {5F909911-FC24-47CC-A9F5-BEC77155F34F}
		{DBA6F375-C540-4589-A899-D0A361831819} = {416D0D1A-4023-4566-BACC-0653F89CF540}
		{68970F1F-48B9-4EC7-A5B2-0D4D0EF33D04} = {55F4C3ED-2928-4CE0-B67A-6F757E2137DD}
		{D3D1E9BA-DB9F-4ADE-A7FE-6502DB7D8AF8} = {68970F1F-48B9-4EC7-A5B2-0D4D0EF33D04}
		{3D1CB1CF-7996-444B-A458-44802F0CE213} = {68970F1F-48B9-4EC7-A5B2-0D4D0EF33D04}
		{B8FD6BFF-7D4D-49A4-A6BC-61EC3BECC102} = {68970F1F-48B9-4EC7-A5B2-0D4D0EF33D04}
		{A4E078BF-AE4D-48CA-BAD7-D63A45060A81} = {55F4C3ED-2928-4CE0-B67A-6F757E2137DD}
		{FF67F672-CE96-4176-9E48-4A06F500B62A} = {55F4C3ED-2928-4CE0-B67A-6F757E2137DD}
		{465FF70F-8CE1-4ACF-BAF1-77E48942BB87} = {FF67F672-CE96-4176-9E48-4A06F500B62A}
		{0690E3F7-09BF-4B80-B498-B3713B2B5DC6} = {416D0D1A-4023-4566-BACC-0653F89CF540}
		{619DEC0A-994F-4EE2-83EB-4B3C96A1156C} = {A4E078BF-AE4D-48CA-BAD7-D63A45060A81}
		{0ADEAD50-7B14-4673-9231-8370C529F1AF} = {55F4C3ED-2928-4CE0-B67A-6F757E2137DD}
		{585AB04E-A079-463E-BFEA-463BBFDBDD15} = {0ADEAD50-7B14-4673-9231-8370C529F1AF}
		{11F49264-E9C7-41D6-8D4A-A7E52F1F22FD} = {A4E078BF-AE4D-48CA-BAD7-D63A45060A81}
		{FD760FAE-0806-4CA5-BDE4-25333E84B8F9} = {416D0D1A-4023-4566-BACC-0653F89CF540}
		{0AC5764E-331D-44EC-A715-B3C75D10C09A} = {416D0D1A-4023-4566-BACC-0653F89CF540}
	EndGlobalSection
	GlobalSection(ExtensibilityGlobals) = postSolution
		SolutionGuid = {9A94B1D2-C9FB-4144-B80F-BED3F002B315}
	EndGlobalSection
EndGlobal
